
Microsoft Visual Studio Solution File, Format Version 12.00
# Visual Studio 14
VisualStudioVersion = 14.0.25420.1
MinimumVisualStudioVersion = 10.0.40219.1
Project("{FAE04EC0-301F-11D3-BF4B-00C04F79EFBC}") = "FetchXmlToString", "FetchXmlToString\FetchXmlToString.csproj", "{F4BE9699-B8E7-48BC-BEE6-3AA183049AA0}"
EndProject
Project("{FAE04EC0-301F-11D3-BF4B-00C04F79EFBC}") = "FetchXmlToStringLogics", "FetchXmlToStringLogics\FetchXmlToStringLogics.csproj", "{D8AB2536-E2EC-43EC-A7D0-FCEFAA695082}"
EndProject
Global
	GlobalSection(SolutionConfigurationPlatforms) = preSolution
		Debug|Any CPU = Debug|Any CPU
		Release|Any CPU = Release|Any CPU
	EndGlobalSection
	GlobalSection(ProjectConfigurationPlatforms) = postSolution
		{F4BE9699-B8E7-48BC-BEE6-3AA183049AA0}.Debug|Any CPU.ActiveCfg = Debug|Any CPU
		{F4BE9699-B8E7-48BC-BEE6-3AA183049AA0}.Debug|Any CPU.Build.0 = Debug|Any CPU
		{F4BE9699-B8E7-48BC-BEE6-3AA183049AA0}.Release|Any CPU.ActiveCfg = Release|Any CPU
		{F4BE9699-B8E7-48BC-BEE6-3AA183049AA0}.Release|Any CPU.Build.0 = Release|Any CPU
		{D8AB2536-E2EC-43EC-A7D0-FCEFAA695082}.Debug|Any CPU.ActiveCfg = Debug|Any CPU
		{D8AB2536-E2EC-43EC-A7D0-FCEFAA695082}.Debug|Any CPU.Build.0 = Debug|Any CPU
		{D8AB2536-E2EC-43EC-A7D0-FCEFAA695082}.Release|Any CPU.ActiveCfg = Release|Any CPU
		{D8AB2536-E2EC-43EC-A7D0-FCEFAA695082}.Release|Any CPU.Build.0 = Release|Any CPU
	EndGlobalSection
	GlobalSection(SolutionProperties) = preSolution
		HideSolutionNode = FALSE
	EndGlobalSection
EndGlobal
